<?xml version="1.0" encoding="utf-8"?>
<Project ToolsVersion="4.0" xmlns="http://schemas.microsoft.com/developer/msbuild/2003">
  <ItemGroup>
    <Filter Include="Source Files">
      <UniqueIdentifier>{4FC737F1-C7A5-4376-A066-2A32D752A2FF}</UniqueIdentifier>
      <Extensions>cpp;cxx;c;def</Extensions>
    </Filter>
    <Filter Include="Header Files">
      <UniqueIdentifier>{93995380-89BD-4b04-88EB-625FBE52EBFB}</UniqueIdentifier>
      <Extensions>h</Extensions>
    </Filter>
    <Filter Include="Resource Files">
      <UniqueIdentifier>{D9D6E242-F8AF-46E4-B9FD-80ECBC20BA3E}</UniqueIdentifier>
      <Extensions>qrc;*</Extensions>
      <ParseFiles>false</ParseFiles>
    </Filter>
    <Filter Include="Generated Files">
      <UniqueIdentifier>{71ED8ED8-ACB9-4CE9-BBE1-E00B30144E11}</UniqueIdentifier>
      <Extensions>moc;h;cpp</Extensions>
      <SourceControlFiles>False</SourceControlFiles>
    </Filter>
    <Filter Include="Generated Files\Debug">
      <UniqueIdentifier>{f635f087-f07f-463d-a606-3edb7a743eeb}</UniqueIdentifier>
      <Extensions>cpp;moc</Extensions>
      <SourceControlFiles>False</SourceControlFiles>
    </Filter>
    <Filter Include="Generated Files\Release">
      <UniqueIdentifier>{67a222ed-bd98-47ec-a1eb-70a389ca044e}</UniqueIdentifier>
      <Extensions>cpp;moc</Extensions>
      <SourceControlFiles>False</SourceControlFiles>
    </Filter>
    <Filter Include="Interface">
      <UniqueIdentifier>{9f36cd66-68f1-4bb8-92d8-bbf84568d8b9}</UniqueIdentifier>
    </Filter>
    <Filter Include="Data">
      <UniqueIdentifier>{5a451eb7-b071-469e-9439-791ae27a6a52}</UniqueIdentifier>
    </Filter>
    <Filter Include="Event">
      <UniqueIdentifier>{80831d7d-aaad-430c-a43b-6a07a274b82a}</UniqueIdentifier>
    </Filter>
    <Filter Include="Interface\Dock">
      <UniqueIdentifier>{6ccce533-5f96-4ce2-9467-f4d4dc3c3c34}</UniqueIdentifier>
    </Filter>
    <Filter Include="Interface\Item">
      <UniqueIdentifier>{e9cfc095-4d1f-4178-b85f-9f9939a5d1d8}</UniqueIdentifier>
    </Filter>
    <Filter Include="Interface\Menu">
      <UniqueIdentifier>{4262f4d9-ba17-49d3-9272-cb37d055caf1}</UniqueIdentifier>
    </Filter>
    <Filter Include="Interface\Ribbon">
      <UniqueIdentifier>{65bcc4df-a182-4508-8712-97a7f1b9eedd}</UniqueIdentifier>
    </Filter>
    <Filter Include="Interface\ToolBar">
      <UniqueIdentifier>{8acfc2af-f03b-45f4-b519-30a6495ffd8c}</UniqueIdentifier>
    </Filter>
    <Filter Include="Interface\StatusBar">
      <UniqueIdentifier>{4d3db713-4408-4997-b1e8-c5f5702fb304}</UniqueIdentifier>
    </Filter>
    <Filter Include="Manager">
      <UniqueIdentifier>{cd12fc69-b8ab-4e16-8e83-cdf3fa2f3402}</UniqueIdentifier>
    </Filter>
    <Filter Include="Interface\Ribbon\Button">
      <UniqueIdentifier>{6ce5ff42-b91c-4fa9-ab78-80ce2805e372}</UniqueIdentifier>
    </Filter>
    <Filter Include="Entity">
      <UniqueIdentifier>{0fba26f3-1d29-411d-bd04-413be7933246}</UniqueIdentifier>
    </Filter>
    <Filter Include="Entity\Leaf">
      <UniqueIdentifier>{2a50712f-aec3-4c9c-8cba-d0b3f8257674}</UniqueIdentifier>
    </Filter>
    <Filter Include="Entity\Composite">
      <UniqueIdentifier>{7fa67adf-d03f-4531-b98d-7d18ffc9b718}</UniqueIdentifier>
    </Filter>
    <Filter Include="Entity\Private">
      <UniqueIdentifier>{c5bc58ab-9889-416a-8e7a-014ab28e3b0b}</UniqueIdentifier>
    </Filter>
    <Filter Include="Interface\Private">
      <UniqueIdentifier>{8fc4f40b-cd89-4731-9bc6-ba8a04548e29}</UniqueIdentifier>
    </Filter>
    <Filter Include="Base">
      <UniqueIdentifier>{86b58f83-a18b-483d-937f-64480bed704f}</UniqueIdentifier>
    </Filter>
    <Filter Include="ActionHandler">
      <UniqueIdentifier>{d4d862b7-e7ea-4271-b367-8a91a9f541c7}</UniqueIdentifier>
    </Filter>
    <Filter Include="ActionHandler\Private">
      <UniqueIdentifier>{55d8efc7-5cc8-4ffa-84e7-5b2a8cb7a59e}</UniqueIdentifier>
    </Filter>
    <Filter Include="ActionHandler\TemporaryAction">
      <UniqueIdentifier>{8f5189d3-71cf-4858-9fb3-cc5242f782ab}</UniqueIdentifier>
    </Filter>
    <Filter Include="UnRedo">
      <UniqueIdentifier>{8c406a12-a8ed-4879-a47b-21fcf29a8590}</UniqueIdentifier>
    </Filter>
    <Filter Include="ActionHandler\DrawAction">
      <UniqueIdentifier>{80d9762e-fc62-45e4-b7fe-9dd0bf2f07e2}</UniqueIdentifier>
    </Filter>
    <Filter Include="KeyHandler">
      <UniqueIdentifier>{dbfb1f28-2004-4808-ba69-a7f305b89afc}</UniqueIdentifier>
    </Filter>
  </ItemGroup>
  <ItemGroup>
    <ClCompile Include="main.cpp">
      <Filter>Source Files</Filter>
    </ClCompile>
    <ClCompile Include="GeneratedFiles\qrc_ShCAD.cpp">
      <Filter>Generated Files</Filter>
    </ClCompile>
    <ClCompile Include="Interface\ShCAD.cpp">
      <Filter>Interface</Filter>
    </ClCompile>
    <ClCompile Include="GeneratedFiles\Debug\moc_ShCAD.cpp">
      <Filter>Generated Files\Debug</Filter>
    </ClCompile>
    <ClCompile Include="GeneratedFiles\Release\moc_ShCAD.cpp">
      <Filter>Generated Files\Release</Filter>
    </ClCompile>
    <ClCompile Include="Interface\Dock\ShCommandDock.cpp">
      <Filter>Interface\Dock</Filter>
    </ClCompile>
    <ClCompile Include="GeneratedFiles\Debug\moc_ShButton.cpp">
      <Filter>Generated Files\Debug</Filter>
    </ClCompile>
    <ClCompile Include="GeneratedFiles\Release\moc_ShButton.cpp">
      <Filter>Generated Files\Release</Filter>
    </ClCompile>
    <ClCompile Include="Interface\Item\ShButton.cpp">
      <Filter>Interface\Item</Filter>
    </ClCompile>
    <ClCompile Include="Interface\Item\ShIcon.cpp">
      <Filter>Interface\Item</Filter>
    </ClCompile>
    <ClCompile Include="Interface\Menu\ShMenu.cpp">
      <Filter>Interface\Menu</Filter>
    </ClCompile>
    <ClCompile Include="Interface\Menu\ShMenuBar.cpp">
      <Filter>Interface\Menu</Filter>
    </ClCompile>
    <ClCompile Include="Interface\ShCADWidget.cpp">
      <Filter>Interface</Filter>
    </ClCompile>
    <ClCompile Include="Manager\ShCADWidgetManager.cpp">
      <Filter>Manager</Filter>
    </ClCompile>
    <ClCompile Include="Data\ShPoint.cpp">
      <Filter>Data</Filter>
    </ClCompile>
    <ClCompile Include="Interface\Ribbon\ShRibbon.cpp">
      <Filter>Interface\Ribbon</Filter>
    </ClCompile>
    <ClCompile Include="GeneratedFiles\Debug\moc_ShRibbonButton.cpp">
      <Filter>Generated Files\Debug</Filter>
    </ClCompile>
    <ClCompile Include="GeneratedFiles\Release\moc_ShRibbonButton.cpp">
      <Filter>Generated Files\Release</Filter>
    </ClCompile>
    <ClCompile Include="Interface\Ribbon\Button\ShRibbonButton.cpp">
      <Filter>Interface\Ribbon\Button</Filter>
    </ClCompile>
    <ClCompile Include="Interface\Ribbon\ShRibbonMenu.cpp">
      <Filter>Interface\Ribbon</Filter>
    </ClCompile>
    <ClCompile Include="GeneratedFiles\Debug\moc_ShHomeTab.cpp">
      <Filter>Generated Files\Debug</Filter>
    </ClCompile>
    <ClCompile Include="GeneratedFiles\Release\moc_ShHomeTab.cpp">
      <Filter>Generated Files\Release</Filter>
    </ClCompile>
    <ClCompile Include="Interface\Ribbon\ShHomeTab.cpp">
      <Filter>Interface\Ribbon</Filter>
    </ClCompile>
    <ClCompile Include="GeneratedFiles\Debug\moc_ShStatusBar.cpp">
      <Filter>Generated Files\Debug</Filter>
    </ClCompile>
    <ClCompile Include="GeneratedFiles\Release\moc_ShStatusBar.cpp">
      <Filter>Generated Files\Release</Filter>
    </ClCompile>
    <ClCompile Include="Interface\StatusBar\ShStatusBar.cpp">
      <Filter>Interface\StatusBar</Filter>
    </ClCompile>
    <ClCompile Include="Interface\ToolBar\ShAbstractToolBar.cpp">
      <Filter>Interface\ToolBar</Filter>
    </ClCompile>
    <ClCompile Include="Interface\ToolBar\ShDrawToolBar.cpp">
      <Filter>Interface\ToolBar</Filter>
    </ClCompile>
    <ClCompile Include="GeneratedFiles\Debug\moc_ShLayerToolBar.cpp">
      <Filter>Generated Files\Debug</Filter>
    </ClCompile>
    <ClCompile Include="Interface\ToolBar\ShLayerToolBar.cpp">
      <Filter>Interface\ToolBar</Filter>
    </ClCompile>
    <ClCompile Include="Interface\ToolBar\ShModifyToolBar.cpp">
      <Filter>Interface\ToolBar</Filter>
    </ClCompile>
    <ClCompile Include="GeneratedFiles\Release\moc_ShLayerToolBar.cpp">
      <Filter>Generated Files\Release</Filter>
    </ClCompile>
    <ClCompile Include="Interface\ToolBar\ShObjectSnapToolBar.cpp">
      <Filter>Interface\ToolBar</Filter>
    </ClCompile>
    <ClCompile Include="GeneratedFiles\Debug\moc_ShPropertyToolBar.cpp">
      <Filter>Generated Files\Debug</Filter>
    </ClCompile>
    <ClCompile Include="Interface\ToolBar\ShPropertyToolBar.cpp">
      <Filter>Interface\ToolBar</Filter>
    </ClCompile>
    <ClCompile Include="GeneratedFiles\Release\moc_ShPropertyToolBar.cpp">
      <Filter>Generated Files\Release</Filter>
    </ClCompile>
    <ClCompile Include="Interface\ToolBar\ShToolBarContainer.cpp">
      <Filter>Interface\ToolBar</Filter>
    </ClCompile>
    <ClCompile Include="Event\ShNotifyEvent.cpp">
      <Filter>Event</Filter>
    </ClCompile>
    <ClCompile Include="Manager\ShChangeManager.cpp">
      <Filter>Manager</Filter>
    </ClCompile>
    <ClCompile Include="Entity\ShEntity.cpp">
      <Filter>Entity</Filter>
    </ClCompile>
    <ClCompile Include="Entity\Leaf\ShLeaf.cpp">
      <Filter>Entity\Leaf</Filter>
    </ClCompile>
    <ClCompile Include="Entity\Leaf\ShLine.cpp">
      <Filter>Entity\Leaf</Filter>
    </ClCompile>
    <ClCompile Include="Entity\Leaf\ShRubberBand.cpp">
      <Filter>Entity\Leaf</Filter>
    </ClCompile>
    <ClCompile Include="Entity\Private\ShVisitor.cpp">
      <Filter>Entity\Private</Filter>
    </ClCompile>
    <ClCompile Include="Interface\Private\ShRibbonButtonStragety.cpp">
      <Filter>Interface\Private</Filter>
    </ClCompile>
    <ClCompile Include="Base\ShMath.cpp">
      <Filter>Base</Filter>
    </ClCompile>
    <ClCompile Include="Manager\ShLanguageManager.cpp">
      <Filter>Manager</Filter>
    </ClCompile>
    <ClCompile Include="Interface\Private\ShAxis.cpp">
      <Filter>Interface\Private</Filter>
    </ClCompile>
    <ClCompile Include="Interface\Private\ShCADWidgetDrawStrategyFactory.cpp">
      <Filter>Interface\Private</Filter>
    </ClCompile>
    <ClCompile Include="Interface\Private\ShCADWidgetDrawStrategy.cpp">
      <Filter>Interface\Private</Filter>
    </ClCompile>
    <ClCompile Include="Data\ShScrollPosition.cpp">
      <Filter>Data</Filter>
    </ClCompile>
    <ClCompile Include="ActionHandler\Private\ShActionData.cpp">
      <Filter>ActionHandler\Private</Filter>
    </ClCompile>
    <ClCompile Include="ActionHandler\ShActionHandler.cpp">
      <Filter>ActionHandler</Filter>
    </ClCompile>
    <ClCompile Include="ActionHandler\ShActionHandlerProxy.cpp">
      <Filter>ActionHandler</Filter>
    </ClCompile>
    <ClCompile Include="ActionHandler\Private\ShActionHandlerFactory.cpp">
      <Filter>ActionHandler\Private</Filter>
    </ClCompile>
    <ClCompile Include="ActionHandler\ShDefaultAction.cpp">
      <Filter>ActionHandler</Filter>
    </ClCompile>
    <ClCompile Include="Entity\Private\ShEntityData.cpp">
      <Filter>Entity\Private</Filter>
    </ClCompile>
    <ClCompile Include="ActionHandler\TemporaryAction\ShTemporaryAction.cpp">
      <Filter>ActionHandler\TemporaryAction</Filter>
    </ClCompile>
    <ClCompile Include="ActionHandler\TemporaryAction\ShDragSelectAction.cpp">
      <Filter>ActionHandler\TemporaryAction</Filter>
    </ClCompile>
    <ClCompile Include="UnRedo\ShTransaction.cpp">
      <Filter>UnRedo</Filter>
    </ClCompile>
    <ClCompile Include="UnRedo\ShTransactionStack.cpp">
      <Filter>UnRedo</Filter>
    </ClCompile>
    <ClCompile Include="UnRedo\ShPanTransaction.cpp">
      <Filter>UnRedo</Filter>
    </ClCompile>
    <ClCompile Include="Base\ShGlobal.cpp">
      <Filter>Base</Filter>
    </ClCompile>
    <ClCompile Include="Event\ShCADWidgetEventFilter.cpp">
      <Filter>Event</Filter>
    </ClCompile>
    <ClCompile Include="Event\ShCommandDockEventFilter.cpp">
      <Filter>Event</Filter>
    </ClCompile>
    <ClCompile Include="ActionHandler\Private\ShChangeActionStrategy.cpp">
      <Filter>ActionHandler\Private</Filter>
    </ClCompile>
    <ClCompile Include="ActionHandler\TemporaryAction\ShPanAction.cpp">
      <Filter>ActionHandler\TemporaryAction</Filter>
    </ClCompile>
    <ClCompile Include="Data\ShDrawBuffer.cpp">
      <Filter>Data</Filter>
    </ClCompile>
    <ClCompile Include="Data\ShCommandLog.cpp">
      <Filter>Data</Filter>
    </ClCompile>
    <ClCompile Include="ActionHandler\DrawAction\ShDrawAction.cpp">
      <Filter>ActionHandler\DrawAction</Filter>
    </ClCompile>
    <ClCompile Include="ActionHandler\DrawAction\ShDrawLineAction.cpp">
      <Filter>ActionHandler\DrawAction</Filter>
    </ClCompile>
    <ClCompile Include="ActionHandler\Private\ShActionTypeConverter.cpp">
      <Filter>ActionHandler\Private</Filter>
    </ClCompile>
    <ClCompile Include="KeyHandler\ShKeyHandler.cpp">
      <Filter>KeyHandler</Filter>
    </ClCompile>
    <ClCompile Include="KeyHandler\ShKey.cpp">
      <Filter>KeyHandler</Filter>
    </ClCompile>
    <ClCompile Include="KeyHandler\ShKeyFlyWeight.cpp">
      <Filter>KeyHandler</Filter>
    </ClCompile>
    <ClCompile Include="Entity\Private\ShDrawer.cpp">
      <Filter>Entity\Private</Filter>
    </ClCompile>
  </ItemGroup>
  <ItemGroup>
    <CustomBuild Include="ShCAD.qrc">
      <Filter>Resource Files</Filter>
    </CustomBuild>
    <CustomBuild Include="Interface\ShCAD.h">
      <Filter>Interface</Filter>
    </CustomBuild>
    <CustomBuild Include="Interface\Item\ShButton.h">
      <Filter>Interface\Item</Filter>
    </CustomBuild>
    <CustomBuild Include="Interface\Ribbon\Button\ShRibbonButton.h">
      <Filter>Interface\Ribbon\Button</Filter>
    </CustomBuild>
    <CustomBuild Include="Interface\Ribbon\ShHomeTab.h">
      <Filter>Interface\Ribbon</Filter>
    </CustomBuild>
    <CustomBuild Include="Interface\StatusBar\ShStatusBar.h">
      <Filter>Interface\StatusBar</Filter>
    </CustomBuild>
    <CustomBuild Include="Interface\ToolBar\ShLayerToolBar.h">
      <Filter>Interface\ToolBar</Filter>
    </CustomBuild>
    <CustomBuild Include="Interface\ToolBar\ShPropertyToolBar.h">
      <Filter>Interface\ToolBar</Filter>
    </CustomBuild>
  </ItemGroup>
  <ItemGroup>
    <ClInclude Include="Interface\Dock\ShCommandDock.h">
      <Filter>Interface\Dock</Filter>
    </ClInclude>
    <ClInclude Include="Data\ShPoint.h">
      <Filter>Data</Filter>
    </ClInclude>
    <ClInclude Include="Interface\Item\ShIcon.h">
      <Filter>Interface\Item</Filter>
    </ClInclude>
    <ClInclude Include="Interface\Menu\ShMenu.h">
      <Filter>Interface\Menu</Filter>
    </ClInclude>
    <ClInclude Include="Interface\Menu\ShMenuBar.h">
      <Filter>Interface\Menu</Filter>
    </ClInclude>
    <ClInclude Include="Interface\ShCADWidget.h">
      <Filter>Interface</Filter>
    </ClInclude>
    <ClInclude Include="Manager\ShCADWidgetManager.h">
      <Filter>Manager</Filter>
    </ClInclude>
    <ClInclude Include="Interface\Ribbon\ShRibbon.h">
      <Filter>Interface\Ribbon</Filter>
    </ClInclude>
    <ClInclude Include="Interface\Ribbon\ShRibbonMenu.h">
      <Filter>Interface\Ribbon</Filter>
    </ClInclude>
    <ClInclude Include="Interface\ToolBar\ShAbstractToolBar.h">
      <Filter>Interface\ToolBar</Filter>
    </ClInclude>
    <ClInclude Include="Interface\ToolBar\ShDrawToolBar.h">
      <Filter>Interface\ToolBar</Filter>
    </ClInclude>
    <ClInclude Include="Interface\ToolBar\ShModifyToolBar.h">
      <Filter>Interface\ToolBar</Filter>
    </ClInclude>
    <ClInclude Include="Interface\ToolBar\ShObjectSnapToolBar.h">
      <Filter>Interface\ToolBar</Filter>
    </ClInclude>
    <ClInclude Include="Interface\ToolBar\ShToolBarContainer.h">
      <Filter>Interface\ToolBar</Filter>
    </ClInclude>
    <ClInclude Include="Event\ShNotifyEvent.h">
      <Filter>Event</Filter>
    </ClInclude>
    <ClInclude Include="Manager\ShChangeManager.h">
      <Filter>Manager</Filter>
    </ClInclude>
    <ClInclude Include="Entity\ShEntity.h">
      <Filter>Entity</Filter>
    </ClInclude>
    <ClInclude Include="Entity\Leaf\ShLeaf.h">
      <Filter>Entity\Leaf</Filter>
    </ClInclude>
    <ClInclude Include="Entity\Leaf\ShLine.h">
      <Filter>Entity\Leaf</Filter>
    </ClInclude>
    <ClInclude Include="Entity\Leaf\ShRubberBand.h">
      <Filter>Entity\Leaf</Filter>
    </ClInclude>
    <ClInclude Include="Entity\Private\ShVisitor.h">
      <Filter>Entity\Private</Filter>
    </ClInclude>
    <ClInclude Include="Interface\Private\ShRibbonButtonStrategy.h">
      <Filter>Interface\Private</Filter>
    </ClInclude>
    <ClInclude Include="Base\ShMath.h">
      <Filter>Base</Filter>
    </ClInclude>
    <ClInclude Include="Manager\ShLanguageManager.h">
      <Filter>Manager</Filter>
    </ClInclude>
    <ClInclude Include="Base\ShVariable.h">
      <Filter>Base</Filter>
    </ClInclude>
    <ClInclude Include="Interface\Private\ShAxis.h">
      <Filter>Interface\Private</Filter>
    </ClInclude>
    <ClInclude Include="Interface\Private\ShCADWidgetDrawStrategy.h">
      <Filter>Interface\Private</Filter>
    </ClInclude>
    <ClInclude Include="Interface\Private\ShCADWidgetDrawStrategyFactory.h">
      <Filter>Interface\Private</Filter>
    </ClInclude>
    <ClInclude Include="Data\ShScrollPosition.h">
      <Filter>Data</Filter>
    </ClInclude>
    <ClInclude Include="ActionHandler\ShActionHandler.h">
      <Filter>ActionHandler</Filter>
    </ClInclude>
    <ClInclude Include="ActionHandler\Private\ShActionData.h">
      <Filter>ActionHandler\Private</Filter>
    </ClInclude>
    <ClInclude Include="ActionHandler\ShActionHandlerProxy.h">
      <Filter>ActionHandler</Filter>
    </ClInclude>
    <ClInclude Include="ActionHandler\Private\ShActionHandlerFactory.h">
      <Filter>ActionHandler\Private</Filter>
    </ClInclude>
    <ClInclude Include="ActionHandler\ShDefaultAction.h">
      <Filter>ActionHandler</Filter>
    </ClInclude>
    <ClInclude Include="Entity\Private\ShEntityData.h">
      <Filter>Entity\Private</Filter>
    </ClInclude>
    <ClInclude Include="ActionHandler\TemporaryAction\ShTemporaryAction.h">
      <Filter>ActionHandler\TemporaryAction</Filter>
    </ClInclude>
    <ClInclude Include="ActionHandler\TemporaryAction\ShDragSelectAction.h">
      <Filter>ActionHandler\TemporaryAction</Filter>
    </ClInclude>
    <ClInclude Include="UnRedo\ShTransaction.h">
      <Filter>UnRedo</Filter>
    </ClInclude>
    <ClInclude Include="UnRedo\ShTransactionStack.h">
      <Filter>UnRedo</Filter>
    </ClInclude>
    <ClInclude Include="UnRedo\ShPanTransaction.h">
      <Filter>UnRedo</Filter>
    </ClInclude>
    <ClInclude Include="Base\ShGlobal.h">
      <Filter>Base</Filter>
    </ClInclude>
    <ClInclude Include="Event\ShCADWidgetEventFilter.h">
      <Filter>Event</Filter>
    </ClInclude>
    <ClInclude Include="Event\ShCommandDockEventFilter.h">
      <Filter>Event</Filter>
    </ClInclude>
    <ClInclude Include="ActionHandler\Private\ShChangeActionStrategy.h">
      <Filter>ActionHandler\Private</Filter>
    </ClInclude>
    <ClInclude Include="ActionHandler\TemporaryAction\ShPanAction.h">
      <Filter>ActionHandler\TemporaryAction</Filter>
    </ClInclude>
    <ClInclude Include="Data\ShDrawBuffer.h">
      <Filter>Data</Filter>
    </ClInclude>
    <ClInclude Include="Data\ShCommandLog.h">
      <Filter>Data</Filter>
    </ClInclude>
    <ClInclude Include="ActionHandler\DrawAction\ShDrawAction.h">
      <Filter>ActionHandler\DrawAction</Filter>
    </ClInclude>
    <ClInclude Include="ActionHandler\DrawAction\ShDrawLineAction.h">
      <Filter>ActionHandler\DrawAction</Filter>
    </ClInclude>
    <ClInclude Include="ActionHandler\Private\ShActionTypeConverter.h">
      <Filter>ActionHandler\Private</Filter>
    </ClInclude>
    <ClInclude Include="KeyHandler\ShKeyHandler.h">
      <Filter>KeyHandler</Filter>
    </ClInclude>
    <ClInclude Include="KeyHandler\ShKey.h">
      <Filter>KeyHandler</Filter>
    </ClInclude>
    <ClInclude Include="KeyHandler\ShCustomKey.h">
      <Filter>KeyHandler</Filter>
    </ClInclude>
    <ClInclude Include="KeyHandler\ShKeyFlyWeight.h">
      <Filter>KeyHandler</Filter>
    </ClInclude>
    <ClInclude Include="KeyHandler\ShKeyType.h">
      <Filter>KeyHandler</Filter>
    </ClInclude>
    <ClInclude Include="Entity\Private\ShDrawer.h">
      <Filter>Entity\Private</Filter>
    </ClInclude>
  </ItemGroup>
</Project>