<?xml version="1.0" encoding="utf-8"?>
<Project ToolsVersion="4.0" xmlns="http://schemas.microsoft.com/developer/msbuild/2003">
  <ItemGroup>
    <Filter Include="Source Files">
      <UniqueIdentifier>{4FC737F1-C7A5-4376-A066-2A32D752A2FF}</UniqueIdentifier>
      <Extensions>cpp;cxx;c;def</Extensions>
    </Filter>
    <Filter Include="Header Files">
      <UniqueIdentifier>{93995380-89BD-4b04-88EB-625FBE52EBFB}</UniqueIdentifier>
      <Extensions>h</Extensions>
    </Filter>
    <Filter Include="Form Files">
      <UniqueIdentifier>{99349809-55BA-4b9d-BF79-8FDBB0286EB3}</UniqueIdentifier>
      <Extensions>ui</Extensions>
    </Filter>
    <Filter Include="Resource Files">
      <UniqueIdentifier>{D9D6E242-F8AF-46E4-B9FD-80ECBC20BA3E}</UniqueIdentifier>
      <Extensions>qrc;*</Extensions>
      <ParseFiles>false</ParseFiles>
    </Filter>
    <Filter Include="Generated Files">
      <UniqueIdentifier>{71ED8ED8-ACB9-4CE9-BBE1-E00B30144E11}</UniqueIdentifier>
      <Extensions>moc;h;cpp</Extensions>
      <SourceControlFiles>False</SourceControlFiles>
    </Filter>
    <Filter Include="Generated Files\Debug">
      <UniqueIdentifier>{9be4e8fd-ef50-49e5-9968-307508d41ec4}</UniqueIdentifier>
      <Extensions>cpp;moc</Extensions>
      <SourceControlFiles>False</SourceControlFiles>
    </Filter>
    <Filter Include="Generated Files\Release">
      <UniqueIdentifier>{70649074-c7a6-4e2e-aceb-f8352b9d286e}</UniqueIdentifier>
      <Extensions>cpp;moc</Extensions>
      <SourceControlFiles>False</SourceControlFiles>
    </Filter>
    <Filter Include="Entity">
      <UniqueIdentifier>{77f5571a-9c1a-4e5c-aa45-4cd8f9498183}</UniqueIdentifier>
    </Filter>
    <Filter Include="Entity\Leaf">
      <UniqueIdentifier>{fa0baa3b-e035-4119-8132-f134963e21a1}</UniqueIdentifier>
    </Filter>
    <Filter Include="Interface">
      <UniqueIdentifier>{f1cad213-f35a-4fdd-a6a6-fec973ea2718}</UniqueIdentifier>
    </Filter>
    <Filter Include="Entity\Composite">
      <UniqueIdentifier>{78b17116-b498-40b3-8af9-14ecddd73c8f}</UniqueIdentifier>
    </Filter>
    <Filter Include="Visitor Pattern">
      <UniqueIdentifier>{311608a5-8b66-4b84-9341-0ea26956c4cb}</UniqueIdentifier>
    </Filter>
    <Filter Include="ActionHandler">
      <UniqueIdentifier>{7375a8e1-5f32-4278-9fcc-a38f890a7729}</UniqueIdentifier>
    </Filter>
  </ItemGroup>
  <ItemGroup>
    <ClCompile Include="main.cpp">
      <Filter>Source Files</Filter>
    </ClCompile>
    <ClCompile Include="GeneratedFiles\qrc_shcad.cpp">
      <Filter>Generated Files</Filter>
    </ClCompile>
    <ClCompile Include="Entity\ShEntity.cpp">
      <Filter>Entity</Filter>
    </ClCompile>
    <ClCompile Include="ShVector.cpp">
      <Filter>Source Files</Filter>
    </ClCompile>
    <ClCompile Include="Entity\Leaf\ShLine.cpp">
      <Filter>Entity\Leaf</Filter>
    </ClCompile>
    <ClCompile Include="Interface\shcad.cpp">
      <Filter>Interface</Filter>
    </ClCompile>
    <ClCompile Include="GeneratedFiles\Debug\moc_shcad.cpp">
      <Filter>Generated Files\Debug</Filter>
    </ClCompile>
    <ClCompile Include="GeneratedFiles\Release\moc_shcad.cpp">
      <Filter>Generated Files\Release</Filter>
    </ClCompile>
    <ClCompile Include="Interface\ShCADWidget.cpp">
      <Filter>Interface</Filter>
    </ClCompile>
    <ClCompile Include="Interface\ShGraphicView.cpp">
      <Filter>Interface</Filter>
    </ClCompile>
    <ClCompile Include="Interface\ShGraphicView2D.cpp">
      <Filter>Interface</Filter>
    </ClCompile>
    <ClCompile Include="Entity\Leaf\ShLeaf.cpp">
      <Filter>Entity\Leaf</Filter>
    </ClCompile>
    <ClCompile Include="Entity\Composite\ShComposite.cpp">
      <Filter>Entity\Composite</Filter>
    </ClCompile>
    <ClCompile Include="Visitor Pattern\ShVisitor.cpp">
      <Filter>Visitor Pattern</Filter>
    </ClCompile>
    <ClCompile Include="Visitor Pattern\ShDrawer.cpp">
      <Filter>Visitor Pattern</Filter>
    </ClCompile>
    <ClCompile Include="Entity\Composite\ShEntityTable.cpp">
      <Filter>Entity\Composite</Filter>
    </ClCompile>
    <ClCompile Include="Interface\ShMenuBar.cpp">
      <Filter>Interface</Filter>
    </ClCompile>
    <ClCompile Include="Entity\Leaf\ShArc.cpp">
      <Filter>Entity\Leaf</Filter>
    </ClCompile>
    <ClCompile Include="Entity\Leaf\ShCircle.cpp">
      <Filter>Entity\Leaf</Filter>
    </ClCompile>
    <ClCompile Include="ShRibbon.cpp">
      <Filter>Source Files</Filter>
    </ClCompile>
    <ClCompile Include="Interface\ShRibbonMenu.cpp">
      <Filter>Interface</Filter>
    </ClCompile>
    <ClCompile Include="Interface\ShDrawInterface.cpp">
      <Filter>Interface</Filter>
    </ClCompile>
    <ClCompile Include="ActionHandler\ShDefaultAction.cpp">
      <Filter>ActionHandler</Filter>
    </ClCompile>
    <ClCompile Include="ActionHandler\ShActionHandler.cpp">
      <Filter>ActionHandler</Filter>
    </ClCompile>
  </ItemGroup>
  <ItemGroup>
    <CustomBuild Include="shcad.qrc">
      <Filter>Resource Files</Filter>
    </CustomBuild>
    <CustomBuild Include="Interface\shcad.h">
      <Filter>Interface</Filter>
    </CustomBuild>
  </ItemGroup>
  <ItemGroup>
    <ClInclude Include="Entity\ShEntity.h">
      <Filter>Entity</Filter>
    </ClInclude>
    <ClInclude Include="Entity\Leaf\ShLine.h">
      <Filter>Entity\Leaf</Filter>
    </ClInclude>
    <ClInclude Include="ShVector.h">
      <Filter>Header Files</Filter>
    </ClInclude>
    <ClInclude Include="Interface\ShCADWidget.h">
      <Filter>Interface</Filter>
    </ClInclude>
    <ClInclude Include="Interface\ShGraphicView.h">
      <Filter>Interface</Filter>
    </ClInclude>
    <ClInclude Include="Interface\ShGraphicView2D.h">
      <Filter>Interface</Filter>
    </ClInclude>
    <ClInclude Include="Entity\Leaf\ShLeaf.h">
      <Filter>Entity\Leaf</Filter>
    </ClInclude>
    <ClInclude Include="Entity\Composite\ShComposite.h">
      <Filter>Entity\Composite</Filter>
    </ClInclude>
    <ClInclude Include="Visitor Pattern\ShDrawer.h">
      <Filter>Visitor Pattern</Filter>
    </ClInclude>
    <ClInclude Include="Visitor Pattern\ShVisitor.h">
      <Filter>Visitor Pattern</Filter>
    </ClInclude>
    <ClInclude Include="Entity\Composite\ShEntityTable.h">
      <Filter>Entity\Composite</Filter>
    </ClInclude>
    <ClInclude Include="Interface\ShMenuBar.h">
      <Filter>Interface</Filter>
    </ClInclude>
    <ClInclude Include="Entity\Leaf\ShCircle.h">
      <Filter>Entity\Leaf</Filter>
    </ClInclude>
    <ClInclude Include="Entity\Leaf\ShArc.h">
      <Filter>Entity\Leaf</Filter>
    </ClInclude>
    <ClInclude Include="ShRibbon.h">
      <Filter>Header Files</Filter>
    </ClInclude>
    <ClInclude Include="Interface\ShRibbonMenu.h">
      <Filter>Interface</Filter>
    </ClInclude>
    <ClInclude Include="Interface\ShDrawInterface.h">
      <Filter>Interface</Filter>
    </ClInclude>
    <ClInclude Include="ActionHandler\ShDefaultAction.h">
      <Filter>ActionHandler</Filter>
    </ClInclude>
    <ClInclude Include="ActionHandler\ShActionHandler.h">
      <Filter>ActionHandler</Filter>
    </ClInclude>
  </ItemGroup>
</Project>