<?xml version="1.0" encoding="utf-8"?>
<Project ToolsVersion="4.0" xmlns="http://schemas.microsoft.com/developer/msbuild/2003">
  <ItemGroup>
    <Filter Include="Source Files">
      <UniqueIdentifier>{4FC737F1-C7A5-4376-A066-2A32D752A2FF}</UniqueIdentifier>
      <Extensions>cpp;cxx;c;def</Extensions>
    </Filter>
    <Filter Include="Header Files">
      <UniqueIdentifier>{93995380-89BD-4b04-88EB-625FBE52EBFB}</UniqueIdentifier>
      <Extensions>h</Extensions>
    </Filter>
    <Filter Include="Form Files">
      <UniqueIdentifier>{99349809-55BA-4b9d-BF79-8FDBB0286EB3}</UniqueIdentifier>
      <Extensions>ui</Extensions>
    </Filter>
    <Filter Include="Resource Files">
      <UniqueIdentifier>{D9D6E242-F8AF-46E4-B9FD-80ECBC20BA3E}</UniqueIdentifier>
      <Extensions>qrc;*</Extensions>
      <ParseFiles>false</ParseFiles>
    </Filter>
    <Filter Include="Generated Files">
      <UniqueIdentifier>{71ED8ED8-ACB9-4CE9-BBE1-E00B30144E11}</UniqueIdentifier>
      <Extensions>moc;h;cpp</Extensions>
      <SourceControlFiles>False</SourceControlFiles>
    </Filter>
    <Filter Include="Generated Files\Debug">
      <UniqueIdentifier>{9be4e8fd-ef50-49e5-9968-307508d41ec4}</UniqueIdentifier>
      <Extensions>cpp;moc</Extensions>
      <SourceControlFiles>False</SourceControlFiles>
    </Filter>
    <Filter Include="Generated Files\Release">
      <UniqueIdentifier>{70649074-c7a6-4e2e-aceb-f8352b9d286e}</UniqueIdentifier>
      <Extensions>cpp;moc</Extensions>
      <SourceControlFiles>False</SourceControlFiles>
    </Filter>
    <Filter Include="Entity">
      <UniqueIdentifier>{77f5571a-9c1a-4e5c-aa45-4cd8f9498183}</UniqueIdentifier>
    </Filter>
    <Filter Include="Entity\Leaf">
      <UniqueIdentifier>{fa0baa3b-e035-4119-8132-f134963e21a1}</UniqueIdentifier>
    </Filter>
    <Filter Include="Interface">
      <UniqueIdentifier>{f1cad213-f35a-4fdd-a6a6-fec973ea2718}</UniqueIdentifier>
    </Filter>
    <Filter Include="Entity\Composite">
      <UniqueIdentifier>{78b17116-b498-40b3-8af9-14ecddd73c8f}</UniqueIdentifier>
    </Filter>
    <Filter Include="Visitor Pattern">
      <UniqueIdentifier>{311608a5-8b66-4b84-9341-0ea26956c4cb}</UniqueIdentifier>
    </Filter>
    <Filter Include="ActionHandler">
      <UniqueIdentifier>{7375a8e1-5f32-4278-9fcc-a38f890a7729}</UniqueIdentifier>
    </Filter>
    <Filter Include="Factory Method">
      <UniqueIdentifier>{0e1d5229-d31b-48b9-a633-e967109cf696}</UniqueIdentifier>
    </Filter>
    <Filter Include="ActionHandler\DrawAction">
      <UniqueIdentifier>{011b33df-c38f-4553-86b2-9560b43546da}</UniqueIdentifier>
    </Filter>
    <Filter Include="Singleton Pattern">
      <UniqueIdentifier>{e15e95af-ba21-498b-99ef-faa9806d96a0}</UniqueIdentifier>
    </Filter>
    <Filter Include="Memento pattern">
      <UniqueIdentifier>{4c389252-030c-4c0b-bd0f-8fe51b0b61b7}</UniqueIdentifier>
    </Filter>
    <Filter Include="Command Pattern">
      <UniqueIdentifier>{f9b0726f-47ce-4366-be86-9da9cb719f4b}</UniqueIdentifier>
    </Filter>
    <Filter Include="ActionHandler\TemporaryAction">
      <UniqueIdentifier>{328cb968-8f90-4069-ba8a-65e620350f33}</UniqueIdentifier>
    </Filter>
    <Filter Include="Interface\Dock">
      <UniqueIdentifier>{4123d95d-56a4-4a9a-aed1-d719a23dd43a}</UniqueIdentifier>
    </Filter>
    <Filter Include="Interface\Ribbon">
      <UniqueIdentifier>{401e40f9-01f7-49bc-ab31-0481b76ee424}</UniqueIdentifier>
    </Filter>
    <Filter Include="Interface\ToolBar">
      <UniqueIdentifier>{93cf5ea0-55c3-4874-8e97-90aea61e4e7f}</UniqueIdentifier>
    </Filter>
    <Filter Include="Interface\Items">
      <UniqueIdentifier>{39108111-cf04-43d5-ab57-f7a723f38ede}</UniqueIdentifier>
    </Filter>
    <Filter Include="Interface\Dialog">
      <UniqueIdentifier>{c3fe0b59-87e6-49be-9013-8f72f8302838}</UniqueIdentifier>
    </Filter>
    <Filter Include="Strategy Pattern">
      <UniqueIdentifier>{d603386a-0bdb-46ee-8ba4-f4fcc7082321}</UniqueIdentifier>
    </Filter>
    <Filter Include="State Pattern">
      <UniqueIdentifier>{dc117fc4-4ca4-470f-9e23-604ea2b60895}</UniqueIdentifier>
    </Filter>
  </ItemGroup>
  <ItemGroup>
    <ClCompile Include="main.cpp">
      <Filter>Source Files</Filter>
    </ClCompile>
    <ClCompile Include="GeneratedFiles\qrc_shcad.cpp">
      <Filter>Generated Files</Filter>
    </ClCompile>
    <ClCompile Include="Entity\ShEntity.cpp">
      <Filter>Entity</Filter>
    </ClCompile>
    <ClCompile Include="Entity\Leaf\ShLine.cpp">
      <Filter>Entity\Leaf</Filter>
    </ClCompile>
    <ClCompile Include="Interface\shcad.cpp">
      <Filter>Interface</Filter>
    </ClCompile>
    <ClCompile Include="GeneratedFiles\Debug\moc_shcad.cpp">
      <Filter>Generated Files\Debug</Filter>
    </ClCompile>
    <ClCompile Include="GeneratedFiles\Release\moc_shcad.cpp">
      <Filter>Generated Files\Release</Filter>
    </ClCompile>
    <ClCompile Include="Interface\ShGraphicView.cpp">
      <Filter>Interface</Filter>
    </ClCompile>
    <ClCompile Include="Entity\Leaf\ShLeaf.cpp">
      <Filter>Entity\Leaf</Filter>
    </ClCompile>
    <ClCompile Include="Entity\Composite\ShComposite.cpp">
      <Filter>Entity\Composite</Filter>
    </ClCompile>
    <ClCompile Include="Visitor Pattern\ShVisitor.cpp">
      <Filter>Visitor Pattern</Filter>
    </ClCompile>
    <ClCompile Include="Visitor Pattern\ShDrawer.cpp">
      <Filter>Visitor Pattern</Filter>
    </ClCompile>
    <ClCompile Include="Entity\Composite\ShEntityTable.cpp">
      <Filter>Entity\Composite</Filter>
    </ClCompile>
    <ClCompile Include="Interface\ShMenuBar.cpp">
      <Filter>Interface</Filter>
    </ClCompile>
    <ClCompile Include="Entity\Leaf\ShArc.cpp">
      <Filter>Entity\Leaf</Filter>
    </ClCompile>
    <ClCompile Include="Entity\Leaf\ShCircle.cpp">
      <Filter>Entity\Leaf</Filter>
    </ClCompile>
    <ClCompile Include="ShRibbon.cpp">
      <Filter>Source Files</Filter>
    </ClCompile>
    <ClCompile Include="ActionHandler\ShDefaultAction.cpp">
      <Filter>ActionHandler</Filter>
    </ClCompile>
    <ClCompile Include="ActionHandler\ShActionHandler.cpp">
      <Filter>ActionHandler</Filter>
    </ClCompile>
    <ClCompile Include="FactoryMethod\ShCreatorActionFactory.cpp">
      <Filter>Factory Method</Filter>
    </ClCompile>
    <ClCompile Include="ActionHandler\DrawAction\ShDrawAction.cpp">
      <Filter>ActionHandler\DrawAction</Filter>
    </ClCompile>
    <ClCompile Include="ActionHandler\DrawAction\ShDrawLineAction.cpp">
      <Filter>ActionHandler\DrawAction</Filter>
    </ClCompile>
    <ClCompile Include="Singleton Pattern\ShWidgetManager.cpp">
      <Filter>Singleton Pattern</Filter>
    </ClCompile>
    <ClCompile Include="Memento Pattern\ShMemento.cpp">
      <Filter>Memento pattern</Filter>
    </ClCompile>
    <ClCompile Include="Memento Pattern\ShUndoTaker.cpp">
      <Filter>Memento pattern</Filter>
    </ClCompile>
    <ClCompile Include="Memento Pattern\ShRedoTaker.cpp">
      <Filter>Memento pattern</Filter>
    </ClCompile>
    <ClCompile Include="Command Pattern\ShCommand.cpp">
      <Filter>Command Pattern</Filter>
    </ClCompile>
    <ClCompile Include="Command Pattern\ShAddEntityCommand.cpp">
      <Filter>Command Pattern</Filter>
    </ClCompile>
    <ClCompile Include="Entity\Composite\ShPreview.cpp">
      <Filter>Entity\Composite</Filter>
    </ClCompile>
    <ClCompile Include="Entity\Leaf\ShRubberBand.cpp">
      <Filter>Entity\Leaf</Filter>
    </ClCompile>
    <ClCompile Include="Singleton Pattern\ShChangeManager.cpp">
      <Filter>Singleton Pattern</Filter>
    </ClCompile>
    <ClCompile Include="Interface\ShStatusBar.cpp">
      <Filter>Interface</Filter>
    </ClCompile>
    <ClCompile Include="ShAxis.cpp">
      <Filter>Source Files</Filter>
    </ClCompile>
    <ClCompile Include="ShMath.cpp">
      <Filter>Source Files</Filter>
    </ClCompile>
    <ClCompile Include="Command Pattern\ShMoveViewCommand.cpp">
      <Filter>Command Pattern</Filter>
    </ClCompile>
    <ClCompile Include="ActionHandler\TemporaryAction\ShTemporaryAction.cpp">
      <Filter>ActionHandler\TemporaryAction</Filter>
    </ClCompile>
    <ClCompile Include="ActionHandler\TemporaryAction\ShPanMoveAction.cpp">
      <Filter>ActionHandler\TemporaryAction</Filter>
    </ClCompile>
    <ClCompile Include="ActionHandler\TemporaryAction\ShDragSelectAction.cpp">
      <Filter>ActionHandler\TemporaryAction</Filter>
    </ClCompile>
    <ClCompile Include="Visitor Pattern\ShFinder.cpp">
      <Filter>Visitor Pattern</Filter>
    </ClCompile>
    <ClCompile Include="ShSelectedEntityManager.cpp">
      <Filter>Source Files</Filter>
    </ClCompile>
    <ClCompile Include="ShPoint.cpp">
      <Filter>Source Files</Filter>
    </ClCompile>
    <ClCompile Include="Command Pattern\ShDeleteEntityCommand.cpp">
      <Filter>Command Pattern</Filter>
    </ClCompile>
    <ClCompile Include="Interface\Dock\ShCommandDock.cpp">
      <Filter>Interface\Dock</Filter>
    </ClCompile>
    <ClCompile Include="ShDirectoryManager.cpp">
      <Filter>Source Files</Filter>
    </ClCompile>
    <ClCompile Include="ShNotifyEvent.cpp">
      <Filter>Source Files</Filter>
    </ClCompile>
    <ClCompile Include="ShCadAction.cpp">
      <Filter>Source Files</Filter>
    </ClCompile>
    <ClCompile Include="Interface\Ribbon\ShRibbonMenu.cpp">
      <Filter>Interface\Ribbon</Filter>
    </ClCompile>
    <ClCompile Include="Interface\Ribbon\ShHomeTab.cpp">
      <Filter>Interface\Ribbon</Filter>
    </ClCompile>
    <ClCompile Include="ShPropertyData.cpp">
      <Filter>Source Files</Filter>
    </ClCompile>
    <ClCompile Include="Singleton Pattern\ShColorComboList.cpp">
      <Filter>Singleton Pattern</Filter>
    </ClCompile>
    <ClCompile Include="GeneratedFiles\Debug\moc_ShHomeTab.cpp">
      <Filter>Generated Files\Debug</Filter>
    </ClCompile>
    <ClCompile Include="GeneratedFiles\Release\moc_ShHomeTab.cpp">
      <Filter>Generated Files\Release</Filter>
    </ClCompile>
    <ClCompile Include="GeneratedFiles\Debug\moc_ShPropertyToolBar.cpp">
      <Filter>Generated Files\Debug</Filter>
    </ClCompile>
    <ClCompile Include="GeneratedFiles\Release\moc_ShPropertyToolBar.cpp">
      <Filter>Generated Files\Release</Filter>
    </ClCompile>
    <ClCompile Include="Interface\Items\ShCustomizedWidget.cpp">
      <Filter>Interface\Items</Filter>
    </ClCompile>
    <ClCompile Include="GeneratedFiles\Debug\moc_ShCustomizedWidget.cpp">
      <Filter>Generated Files\Debug</Filter>
    </ClCompile>
    <ClCompile Include="GeneratedFiles\Release\moc_ShCustomizedWidget.cpp">
      <Filter>Generated Files\Release</Filter>
    </ClCompile>
    <ClCompile Include="GeneratedFiles\Debug\moc_ShColorComboBox.cpp">
      <Filter>Generated Files\Debug</Filter>
    </ClCompile>
    <ClCompile Include="GeneratedFiles\Release\moc_ShColorComboBox.cpp">
      <Filter>Generated Files\Release</Filter>
    </ClCompile>
    <ClCompile Include="Singleton Pattern\ShLineStyleComboList.cpp">
      <Filter>Singleton Pattern</Filter>
    </ClCompile>
    <ClCompile Include="Interface\Items\ShColorComboBox.cpp">
      <Filter>Interface\Items</Filter>
    </ClCompile>
    <ClCompile Include="GeneratedFiles\Debug\moc_ShLineStyleComboBox.cpp">
      <Filter>Generated Files\Debug</Filter>
    </ClCompile>
    <ClCompile Include="GeneratedFiles\Release\moc_ShLineStyleComboBox.cpp">
      <Filter>Generated Files\Release</Filter>
    </ClCompile>
    <ClCompile Include="Interface\Items\ShLineStyleComboBox.cpp">
      <Filter>Interface\Items</Filter>
    </ClCompile>
    <ClCompile Include="Interface\Items\ShLayerComboBox.cpp">
      <Filter>Interface\Items</Filter>
    </ClCompile>
    <ClCompile Include="GeneratedFiles\Debug\moc_ShLayerComboBox.cpp">
      <Filter>Generated Files\Debug</Filter>
    </ClCompile>
    <ClCompile Include="GeneratedFiles\Release\moc_ShLayerComboBox.cpp">
      <Filter>Generated Files\Release</Filter>
    </ClCompile>
    <ClCompile Include="Interface\ToolBar\ShLayerToolBar.cpp">
      <Filter>Interface\ToolBar</Filter>
    </ClCompile>
    <ClCompile Include="Interface\ToolBar\ShPropertyToolBar.cpp">
      <Filter>Interface\ToolBar</Filter>
    </ClCompile>
    <ClCompile Include="ShLayer.cpp">
      <Filter>Source Files</Filter>
    </ClCompile>
    <ClCompile Include="ShLayerTable.cpp">
      <Filter>Source Files</Filter>
    </ClCompile>
    <ClCompile Include="GeneratedFiles\Debug\moc_ShLayerToolBar.cpp">
      <Filter>Generated Files\Debug</Filter>
    </ClCompile>
    <ClCompile Include="GeneratedFiles\Release\moc_ShLayerToolBar.cpp">
      <Filter>Generated Files\Release</Filter>
    </ClCompile>
    <ClCompile Include="GeneratedFiles\Debug\moc_ShLayerDialog.cpp">
      <Filter>Generated Files\Debug</Filter>
    </ClCompile>
    <ClCompile Include="Interface\Dialog\ShLayerDialog.cpp">
      <Filter>Interface\Dialog</Filter>
    </ClCompile>
    <ClCompile Include="GeneratedFiles\Release\moc_ShLayerDialog.cpp">
      <Filter>Generated Files\Release</Filter>
    </ClCompile>
    <ClCompile Include="Command Pattern\ShChangeCurrentLayerCommand.cpp">
      <Filter>Command Pattern</Filter>
    </ClCompile>
    <ClCompile Include="Command Pattern\ShChangeLayerDataCommand.cpp">
      <Filter>Command Pattern</Filter>
    </ClCompile>
    <ClCompile Include="Command Pattern\ShCreateLayerCommand.cpp">
      <Filter>Command Pattern</Filter>
    </ClCompile>
    <ClCompile Include="Command Pattern\ShDeleteLayerCommand.cpp">
      <Filter>Command Pattern</Filter>
    </ClCompile>
    <ClCompile Include="Strategy Pattern\ShViewDrawStrategy.cpp">
      <Filter>Strategy Pattern</Filter>
    </ClCompile>
    <ClCompile Include="FactoryMethod\ShCreatorViewDrawFactory.cpp">
      <Filter>Factory Method</Filter>
    </ClCompile>
    <ClCompile Include="Command Pattern\ShChangePropertyDataCommand.cpp">
      <Filter>Command Pattern</Filter>
    </ClCompile>
    <ClCompile Include="Command Pattern\ShChangeEntityPropertyDataCommand.cpp">
      <Filter>Command Pattern</Filter>
    </ClCompile>
    <ClCompile Include="State Pattern\ShNotifyEventUpdateHandler.cpp">
      <Filter>State Pattern</Filter>
    </ClCompile>
    <ClCompile Include="FactoryMethod\ShCreatorViewUpdateFactory.cpp">
      <Filter>Factory Method</Filter>
    </ClCompile>
  </ItemGroup>
  <ItemGroup>
    <CustomBuild Include="shcad.qrc">
      <Filter>Resource Files</Filter>
    </CustomBuild>
    <CustomBuild Include="Interface\shcad.h">
      <Filter>Interface</Filter>
    </CustomBuild>
    <CustomBuild Include="Interface\Ribbon\ShHomeTab.h">
      <Filter>Interface\Ribbon</Filter>
    </CustomBuild>
    <CustomBuild Include="ShRibbon.h">
      <Filter>Header Files</Filter>
    </CustomBuild>
    <CustomBuild Include="Interface\Items\ShCustomizedWidget.h">
      <Filter>Interface\Items</Filter>
    </CustomBuild>
    <CustomBuild Include="Interface\Items\ShColorComboBox.h">
      <Filter>Interface\Items</Filter>
    </CustomBuild>
    <CustomBuild Include="Interface\Items\ShLineStyleComboBox.h">
      <Filter>Interface\Items</Filter>
    </CustomBuild>
    <CustomBuild Include="Interface\Items\ShLayerComboBox.h">
      <Filter>Interface\Items</Filter>
    </CustomBuild>
    <CustomBuild Include="Interface\ToolBar\ShPropertyToolBar.h">
      <Filter>Interface\ToolBar</Filter>
    </CustomBuild>
    <CustomBuild Include="Interface\ToolBar\ShLayerToolBar.h">
      <Filter>Interface\ToolBar</Filter>
    </CustomBuild>
    <CustomBuild Include="Interface\Dialog\ShLayerDialog.h">
      <Filter>Interface\Dialog</Filter>
    </CustomBuild>
  </ItemGroup>
  <ItemGroup>
    <ClInclude Include="Entity\ShEntity.h">
      <Filter>Entity</Filter>
    </ClInclude>
    <ClInclude Include="Entity\Leaf\ShLine.h">
      <Filter>Entity\Leaf</Filter>
    </ClInclude>
    <ClInclude Include="Interface\ShGraphicView.h">
      <Filter>Interface</Filter>
    </ClInclude>
    <ClInclude Include="Entity\Leaf\ShLeaf.h">
      <Filter>Entity\Leaf</Filter>
    </ClInclude>
    <ClInclude Include="Entity\Composite\ShComposite.h">
      <Filter>Entity\Composite</Filter>
    </ClInclude>
    <ClInclude Include="Visitor Pattern\ShDrawer.h">
      <Filter>Visitor Pattern</Filter>
    </ClInclude>
    <ClInclude Include="Visitor Pattern\ShVisitor.h">
      <Filter>Visitor Pattern</Filter>
    </ClInclude>
    <ClInclude Include="Entity\Composite\ShEntityTable.h">
      <Filter>Entity\Composite</Filter>
    </ClInclude>
    <ClInclude Include="Interface\ShMenuBar.h">
      <Filter>Interface</Filter>
    </ClInclude>
    <ClInclude Include="Entity\Leaf\ShCircle.h">
      <Filter>Entity\Leaf</Filter>
    </ClInclude>
    <ClInclude Include="Entity\Leaf\ShArc.h">
      <Filter>Entity\Leaf</Filter>
    </ClInclude>
    <ClInclude Include="ActionHandler\ShDefaultAction.h">
      <Filter>ActionHandler</Filter>
    </ClInclude>
    <ClInclude Include="ActionHandler\ShActionHandler.h">
      <Filter>ActionHandler</Filter>
    </ClInclude>
    <ClInclude Include="ShVariable.h">
      <Filter>Header Files</Filter>
    </ClInclude>
    <ClInclude Include="FactoryMethod\ShCreatorActionFactory.h">
      <Filter>Factory Method</Filter>
    </ClInclude>
    <ClInclude Include="ActionHandler\DrawAction\ShDrawAction.h">
      <Filter>ActionHandler\DrawAction</Filter>
    </ClInclude>
    <ClInclude Include="ActionHandler\DrawAction\ShDrawLineAction.h">
      <Filter>ActionHandler\DrawAction</Filter>
    </ClInclude>
    <ClInclude Include="Singleton Pattern\ShWidgetManager.h">
      <Filter>Singleton Pattern</Filter>
    </ClInclude>
    <ClInclude Include="Memento Pattern\ShMemento.h">
      <Filter>Memento pattern</Filter>
    </ClInclude>
    <ClInclude Include="Memento Pattern\ShUndoTaker.h">
      <Filter>Memento pattern</Filter>
    </ClInclude>
    <ClInclude Include="Memento Pattern\ShRedoTaker.h">
      <Filter>Memento pattern</Filter>
    </ClInclude>
    <ClInclude Include="Command Pattern\ShCommand.h">
      <Filter>Command Pattern</Filter>
    </ClInclude>
    <ClInclude Include="Command Pattern\ShAddEntityCommand.h">
      <Filter>Command Pattern</Filter>
    </ClInclude>
    <ClInclude Include="Entity\Composite\ShPreview.h">
      <Filter>Entity\Composite</Filter>
    </ClInclude>
    <ClInclude Include="Entity\Leaf\ShRubberBand.h">
      <Filter>Entity\Leaf</Filter>
    </ClInclude>
    <ClInclude Include="Singleton Pattern\ShChangeManager.h">
      <Filter>Singleton Pattern</Filter>
    </ClInclude>
    <ClInclude Include="Interface\ShStatusBar.h">
      <Filter>Interface</Filter>
    </ClInclude>
    <ClInclude Include="ShAxis.h">
      <Filter>Header Files</Filter>
    </ClInclude>
    <ClInclude Include="ShMath.h">
      <Filter>Header Files</Filter>
    </ClInclude>
    <ClInclude Include="Command Pattern\ShMoveViewCommand.h">
      <Filter>Command Pattern</Filter>
    </ClInclude>
    <ClInclude Include="ActionHandler\TemporaryAction\ShTemporaryAction.h">
      <Filter>ActionHandler\TemporaryAction</Filter>
    </ClInclude>
    <ClInclude Include="ActionHandler\TemporaryAction\ShPanMoveAction.h">
      <Filter>ActionHandler\TemporaryAction</Filter>
    </ClInclude>
    <ClInclude Include="ActionHandler\TemporaryAction\ShDragSelectAction.h">
      <Filter>ActionHandler\TemporaryAction</Filter>
    </ClInclude>
    <ClInclude Include="Visitor Pattern\ShFinder.h">
      <Filter>Visitor Pattern</Filter>
    </ClInclude>
    <ClInclude Include="ShSelectedEntityManager.h">
      <Filter>Header Files</Filter>
    </ClInclude>
    <ClInclude Include="ShPoint.h">
      <Filter>Header Files</Filter>
    </ClInclude>
    <ClInclude Include="Command Pattern\ShDeleteEntityCommand.h">
      <Filter>Command Pattern</Filter>
    </ClInclude>
    <ClInclude Include="Interface\Dock\ShCommandDock.h">
      <Filter>Interface\Dock</Filter>
    </ClInclude>
    <ClInclude Include="ShDirectoryManager.h">
      <Filter>Header Files</Filter>
    </ClInclude>
    <ClInclude Include="ShNotifyEvent.h">
      <Filter>Header Files</Filter>
    </ClInclude>
    <ClInclude Include="ShCadAction.h">
      <Filter>Header Files</Filter>
    </ClInclude>
    <ClInclude Include="Interface\Ribbon\ShRibbonMenu.h">
      <Filter>Interface\Ribbon</Filter>
    </ClInclude>
    <ClInclude Include="ShPropertyData.h">
      <Filter>Header Files</Filter>
    </ClInclude>
    <ClInclude Include="Singleton Pattern\ShColorComboList.h">
      <Filter>Singleton Pattern</Filter>
    </ClInclude>
    <ClInclude Include="Singleton Pattern\ShLineStyleComboList.h">
      <Filter>Singleton Pattern</Filter>
    </ClInclude>
    <ClInclude Include="ShLayer.h">
      <Filter>Header Files</Filter>
    </ClInclude>
    <ClInclude Include="ShLayerTable.h">
      <Filter>Header Files</Filter>
    </ClInclude>
    <ClInclude Include="Command Pattern\ShChangeCurrentLayerCommand.h">
      <Filter>Command Pattern</Filter>
    </ClInclude>
    <ClInclude Include="Command Pattern\ShChangeLayerDataCommand.h">
      <Filter>Command Pattern</Filter>
    </ClInclude>
    <ClInclude Include="Command Pattern\ShCreateLayerCommand.h">
      <Filter>Command Pattern</Filter>
    </ClInclude>
    <ClInclude Include="Command Pattern\ShDeleteLayerCommand.h">
      <Filter>Command Pattern</Filter>
    </ClInclude>
    <ClInclude Include="Strategy Pattern\ShViewDrawStrategy.h">
      <Filter>Strategy Pattern</Filter>
    </ClInclude>
    <ClInclude Include="FactoryMethod\ShCreatorViewDrawFactory.h">
      <Filter>Factory Method</Filter>
    </ClInclude>
    <ClInclude Include="Command Pattern\ShChangePropertyDataCommand.h">
      <Filter>Command Pattern</Filter>
    </ClInclude>
    <ClInclude Include="Command Pattern\ShChangeEntityPropertyDataCommand.h">
      <Filter>Command Pattern</Filter>
    </ClInclude>
    <ClInclude Include="State Pattern\ShNotifyEventUpdateHandler.h">
      <Filter>State Pattern</Filter>
    </ClInclude>
    <ClInclude Include="FactoryMethod\ShCreatorViewUpdateFactory.h">
      <Filter>Factory Method</Filter>
    </ClInclude>
  </ItemGroup>
</Project>